
Microsoft Visual Studio Solution File, Format Version 12.00
# Visual Studio Version 16
VisualStudioVersion = 16.0.29806.167
MinimumVisualStudioVersion = 10.0.40219.1
Project("{F2A71F9B-5D33-465A-A702-920D77279786}") = "GekScheduler", "GekScheduler.fsproj", "{41E6EC54-9DA9-4C70-9B6D-448C2F0D3705}"
EndProject
Global
	GlobalSection(SolutionConfigurationPlatforms) = preSolution
		Debug|Any CPU = Debug|Any CPU
		Release|Any CPU = Release|Any CPU
	EndGlobalSection
	GlobalSection(ProjectConfigurationPlatforms) = postSolution
		{41E6EC54-9DA9-4C70-9B6D-448C2F0D3705}.Debug|Any CPU.ActiveCfg = Debug|Any CPU
		{41E6EC54-9DA9-4C70-9B6D-448C2F0D3705}.Debug|Any CPU.Build.0 = Debug|Any CPU
		{41E6EC54-9DA9-4C70-9B6D-448C2F0D3705}.Release|Any CPU.ActiveCfg = Release|Any CPU
		{41E6EC54-9DA9-4C70-9B6D-448C2F0D3705}.Release|Any CPU.Build.0 = Release|Any CPU
	EndGlobalSection
	GlobalSection(SolutionProperties) = preSolution
		HideSolutionNode = FALSE
	EndGlobalSection
	GlobalSection(ExtensibilityGlobals) = postSolution
		SolutionGuid = {E1255A88-E5C4-40C6-ACC8-D6E34A7277FA}
	EndGlobalSection
EndGlobal
